
Microsoft Visual Studio Solution File, Format Version 12.00
# Visual Studio Version 16
VisualStudioVersion = 16.0.33130.400
MinimumVisualStudioVersion = 10.0.40219.1
Project("{8BC9CEB8-8B4A-11D0-8D11-00A0C91BC942}") = "engine", "engine\engine.vcxproj", "{57144731-EA2F-4157-ABF9-A3F773F2A36D}"
EndProject
Project("{8BC9CEB8-8B4A-11D0-8D11-00A0C91BC942}") = "imgui", "imgui\imgui.vcxproj", "{620249F6-9D04-4ED3-B388-A3CD63F75789}"
EndProject
Project("{8BC9CEB8-8B4A-11D0-8D11-00A0C91BC942}") = "texturemapping", "texturemapping\texturemapping.vcxproj", "{8C749DBE-6336-4ED2-807A-9C20C93422EE}"
EndProject
Global
	GlobalSection(SolutionConfigurationPlatforms) = preSolution
		Debug|x64 = Debug|x64
		Debug|x86 = Debug|x86
		Release|x64 = Release|x64
		Release|x86 = Release|x86
	EndGlobalSection
	GlobalSection(ProjectConfigurationPlatforms) = postSolution
		{57144731-EA2F-4157-ABF9-A3F773F2A36D}.Debug|x64.ActiveCfg = Debug|x64
		{57144731-EA2F-4157-ABF9-A3F773F2A36D}.Debug|x64.Build.0 = Debug|x64
		{57144731-EA2F-4157-ABF9-A3F773F2A36D}.Debug|x86.ActiveCfg = Debug|Win32
		{57144731-EA2F-4157-ABF9-A3F773F2A36D}.Debug|x86.Build.0 = Debug|Win32
		{57144731-EA2F-4157-ABF9-A3F773F2A36D}.Release|x64.ActiveCfg = Release|x64
		{57144731-EA2F-4157-ABF9-A3F773F2A36D}.Release|x64.Build.0 = Release|x64
		{57144731-EA2F-4157-ABF9-A3F773F2A36D}.Release|x86.ActiveCfg = Release|Win32
		{57144731-EA2F-4157-ABF9-A3F773F2A36D}.Release|x86.Build.0 = Release|Win32
		{620249F6-9D04-4ED3-B388-A3CD63F75789}.Debug|x64.ActiveCfg = Debug|x64
		{620249F6-9D04-4ED3-B388-A3CD63F75789}.Debug|x64.Build.0 = Debug|x64
		{620249F6-9D04-4ED3-B388-A3CD63F75789}.Debug|x86.ActiveCfg = Debug|Win32
		{620249F6-9D04-4ED3-B388-A3CD63F75789}.Debug|x86.Build.0 = Debug|Win32
		{620249F6-9D04-4ED3-B388-A3CD63F75789}.Release|x64.ActiveCfg = Release|x64
		{620249F6-9D04-4ED3-B388-A3CD63F75789}.Release|x64.Build.0 = Release|x64
		{620249F6-9D04-4ED3-B388-A3CD63F75789}.Release|x86.ActiveCfg = Release|Win32
		{620249F6-9D04-4ED3-B388-A3CD63F75789}.Release|x86.Build.0 = Release|Win32
		{8C749DBE-6336-4ED2-807A-9C20C93422EE}.Debug|x64.ActiveCfg = Debug|x64
		{8C749DBE-6336-4ED2-807A-9C20C93422EE}.Debug|x64.Build.0 = Debug|x64
		{8C749DBE-6336-4ED2-807A-9C20C93422EE}.Debug|x86.ActiveCfg = Debug|Win32
		{8C749DBE-6336-4ED2-807A-9C20C93422EE}.Debug|x86.Build.0 = Debug|Win32
		{8C749DBE-6336-4ED2-807A-9C20C93422EE}.Release|x64.ActiveCfg = Release|x64
		{8C749DBE-6336-4ED2-807A-9C20C93422EE}.Release|x64.Build.0 = Release|x64
		{8C749DBE-6336-4ED2-807A-9C20C93422EE}.Release|x86.ActiveCfg = Release|Win32
		{8C749DBE-6336-4ED2-807A-9C20C93422EE}.Release|x86.Build.0 = Release|Win32
	EndGlobalSection
	GlobalSection(SolutionProperties) = preSolution
		HideSolutionNode = FALSE
	EndGlobalSection
	GlobalSection(ExtensibilityGlobals) = postSolution
		SolutionGuid = {A74B75BC-AF8D-4587-BECA-AA3459A4D816}
	EndGlobalSection
EndGlobal
