<?xml version="1.0" encoding="utf-8"?>
<Project ToolsVersion="4.0" xmlns="http://schemas.microsoft.com/developer/msbuild/2003">
  <ItemGroup>
    <Filter Include="src">
      <UniqueIdentifier>{9a0d7004-9408-4ad9-ac10-b3ef7d10f270}</UniqueIdentifier>
    </Filter>
    <Filter Include="src\event">
      <UniqueIdentifier>{738c33b8-d5ee-4942-8be1-e467cb21e1a1}</UniqueIdentifier>
    </Filter>
    <Filter Include="src\renderer">
      <UniqueIdentifier>{95d1fcb7-a37f-42b9-81c4-0cc85a120647}</UniqueIdentifier>
    </Filter>
    <Filter Include="src\core">
      <UniqueIdentifier>{ae857925-e7fa-4097-859d-d11fc19ce78b}</UniqueIdentifier>
    </Filter>
    <Filter Include="src\imgui">
      <UniqueIdentifier>{78af2970-5782-4bcf-b0e4-fdc723cac994}</UniqueIdentifier>
    </Filter>
    <Filter Include="src\math">
      <UniqueIdentifier>{fc1e0204-2b35-4491-bbb6-d4481b7b1c8f}</UniqueIdentifier>
    </Filter>
    <Filter Include="vendor">
      <UniqueIdentifier>{c000e318-de60-4f15-9a8b-cc4ec4aa0b30}</UniqueIdentifier>
    </Filter>
    <Filter Include="vendor\stb_image">
      <UniqueIdentifier>{429a3aa8-4267-4ae4-a252-64de0f2e0306}</UniqueIdentifier>
    </Filter>
  </ItemGroup>
  <ItemGroup>
    <ClCompile Include="src\engine\renderer\openGLContext.cpp">
      <Filter>src\renderer</Filter>
    </ClCompile>
    <ClCompile Include="src\engine\renderer\renderer.cpp">
      <Filter>src\renderer</Filter>
    </ClCompile>
    <ClCompile Include="src\engine\imgui\imGuiLayer.cpp">
      <Filter>src\imgui</Filter>
    </ClCompile>
    <ClCompile Include="src\engine\core\application.cpp">
      <Filter>src\core</Filter>
    </ClCompile>
    <ClCompile Include="src\engine\core\layer.cpp">
      <Filter>src\core</Filter>
    </ClCompile>
    <ClCompile Include="src\engine\core\layerStack.cpp">
      <Filter>src\core</Filter>
    </ClCompile>
    <ClCompile Include="src\engine\core\log.cpp">
      <Filter>src\core</Filter>
    </ClCompile>
    <ClCompile Include="src\engine\core\terminalColor.cpp">
      <Filter>src\core</Filter>
    </ClCompile>
    <ClCompile Include="src\engine\core\window.cpp">
      <Filter>src\core</Filter>
    </ClCompile>
    <ClCompile Include="src\engine\core\input.cpp">
      <Filter>src\core</Filter>
    </ClCompile>
    <ClCompile Include="src\engine\math\math.cpp">
      <Filter>src\math</Filter>
    </ClCompile>
    <ClCompile Include="src\engine\renderer\buffer.cpp">
      <Filter>src\renderer</Filter>
    </ClCompile>
    <ClCompile Include="src\engine\renderer\openGLBuffer.cpp">
      <Filter>src\renderer</Filter>
    </ClCompile>
    <ClCompile Include="src\engine\renderer\openGLShader.cpp">
      <Filter>src\renderer</Filter>
    </ClCompile>
    <ClCompile Include="src\engine\renderer\openGLVertexArray.cpp">
      <Filter>src\renderer</Filter>
    </ClCompile>
    <ClCompile Include="src\engine\renderer\orthographicCamera.cpp">
      <Filter>src\renderer</Filter>
    </ClCompile>
    <ClCompile Include="src\engine\renderer\orthographicCameraController.cpp">
      <Filter>src\renderer</Filter>
    </ClCompile>
    <ClCompile Include="src\engine\renderer\openGLRenderer.cpp">
      <Filter>src\renderer</Filter>
    </ClCompile>
    <ClCompile Include="src\engine\renderer\texture.cpp">
      <Filter>src\renderer</Filter>
    </ClCompile>
    <ClCompile Include="src\engine\renderer\openGLTexture.cpp">
      <Filter>src\renderer</Filter>
    </ClCompile>
    <ClCompile Include="src\engine\renderer\uniformBuffer.cpp">
      <Filter>src\renderer</Filter>
    </ClCompile>
    <ClCompile Include="src\engine\renderer\shader.cpp">
      <Filter>src\renderer</Filter>
    </ClCompile>
    <ClCompile Include="src\engine\renderer\renderCommand.cpp">
      <Filter>src\renderer</Filter>
    </ClCompile>
    <ClCompile Include="src\engine\renderer\vertexArray.cpp">
      <Filter>src\renderer</Filter>
    </ClCompile>
    <ClCompile Include="src\engine\renderer\openGLUniformBuffer.cpp">
      <Filter>src\renderer</Filter>
    </ClCompile>
    <ClCompile Include="src\engine\renderer\camera.cpp">
      <Filter>src\renderer</Filter>
    </ClCompile>
    <ClCompile Include="src\engine\renderer\mesh.cpp">
      <Filter>src\renderer</Filter>
    </ClCompile>
    <ClCompile Include="src\engine\renderer\model.cpp">
      <Filter>src\renderer</Filter>
    </ClCompile>
    <ClCompile Include="..\vendor\stb_image\stb_image.cpp">
      <Filter>vendor\stb_image</Filter>
    </ClCompile>
  </ItemGroup>
  <ItemGroup>
    <ClInclude Include="src\engine\event\event.h">
      <Filter>src\event</Filter>
    </ClInclude>
    <ClInclude Include="src\engine\event\keyEvent.h">
      <Filter>src\event</Filter>
    </ClInclude>
    <ClInclude Include="src\engine\event\mouseEvent.h">
      <Filter>src\event</Filter>
    </ClInclude>
    <ClInclude Include="src\engine\event\applicationEvent.h">
      <Filter>src\event</Filter>
    </ClInclude>
    <ClInclude Include="src\engine\renderer\openGLContext.h">
      <Filter>src\renderer</Filter>
    </ClInclude>
    <ClInclude Include="src\engine\renderer\renderer.h">
      <Filter>src\renderer</Filter>
    </ClInclude>
    <ClInclude Include="src\engine\core\timer.h">
      <Filter>src\core</Filter>
    </ClInclude>
    <ClInclude Include="src\engine\core\timestep.h">
      <Filter>src\core</Filter>
    </ClInclude>
    <ClInclude Include="src\engine\imgui\imGuiLayer.h">
      <Filter>src\imgui</Filter>
    </ClInclude>
    <ClInclude Include="src\engine\core\application.h">
      <Filter>src\core</Filter>
    </ClInclude>
    <ClInclude Include="src\engine\core\layer.h">
      <Filter>src\core</Filter>
    </ClInclude>
    <ClInclude Include="src\engine\core\layerStack.h">
      <Filter>src\core</Filter>
    </ClInclude>
    <ClInclude Include="src\engine\core\log.h">
      <Filter>src\core</Filter>
    </ClInclude>
    <ClInclude Include="src\engine\core\window.h">
      <Filter>src\core</Filter>
    </ClInclude>
    <ClInclude Include="src\engine\core\input.h">
      <Filter>src\core</Filter>
    </ClInclude>
    <ClInclude Include="src\engine\core\keyCodes.h">
      <Filter>src\core</Filter>
    </ClInclude>
    <ClInclude Include="src\engine\core\mouseCodes.h">
      <Filter>src\core</Filter>
    </ClInclude>
    <ClInclude Include="src\engine\math\math.h">
      <Filter>src\math</Filter>
    </ClInclude>
    <ClInclude Include="src\engine\core\entryPoint.h">
      <Filter>src\core</Filter>
    </ClInclude>
    <ClInclude Include="src\engine\engine.h">
      <Filter>src</Filter>
    </ClInclude>
    <ClInclude Include="src\engine\renderer\buffer.h">
      <Filter>src\renderer</Filter>
    </ClInclude>
    <ClInclude Include="src\engine\core\buffer.h">
      <Filter>src\core</Filter>
    </ClInclude>
    <ClInclude Include="src\engine\renderer\openGLBuffer.h">
      <Filter>src\renderer</Filter>
    </ClInclude>
    <ClInclude Include="src\engine\renderer\openGLShader.h">
      <Filter>src\renderer</Filter>
    </ClInclude>
    <ClInclude Include="src\engine\renderer\openGLVertexArray.h">
      <Filter>src\renderer</Filter>
    </ClInclude>
    <ClInclude Include="src\engine\renderer\orthographicCamera.h">
      <Filter>src\renderer</Filter>
    </ClInclude>
    <ClInclude Include="src\engine\renderer\orthographicCameraController.h">
      <Filter>src\renderer</Filter>
    </ClInclude>
    <ClInclude Include="src\engine\renderer\openGLRenderer.h">
      <Filter>src\renderer</Filter>
    </ClInclude>
    <ClInclude Include="src\engine\renderer\camera.h">
      <Filter>src\renderer</Filter>
    </ClInclude>
    <ClInclude Include="src\engine\renderer\texture.h">
      <Filter>src\renderer</Filter>
    </ClInclude>
    <ClInclude Include="src\engine\renderer\openGLTexture.h">
      <Filter>src\renderer</Filter>
    </ClInclude>
    <ClInclude Include="src\engine\renderer\uniformBuffer.h">
      <Filter>src\renderer</Filter>
    </ClInclude>
    <ClInclude Include="src\engine\renderer\shader.h">
      <Filter>src\renderer</Filter>
    </ClInclude>
    <ClInclude Include="src\engine\renderer\renderCommand.h">
      <Filter>src\renderer</Filter>
    </ClInclude>
    <ClInclude Include="src\engine\renderer\vertexArray.h">
      <Filter>src\renderer</Filter>
    </ClInclude>
    <ClInclude Include="src\engine\renderer\openGLUniformBuffer.h">
      <Filter>src\renderer</Filter>
    </ClInclude>
    <ClInclude Include="src\engine\renderer\mesh.h">
      <Filter>src\renderer</Filter>
    </ClInclude>
    <ClInclude Include="src\engine\renderer\model.h">
      <Filter>src\renderer</Filter>
    </ClInclude>
    <ClInclude Include="..\vendor\stb_image\stb_image.h">
      <Filter>vendor\stb_image</Filter>
    </ClInclude>
    <ClInclude Include="src\engine\core\terminalColor.h">
      <Filter>src\core</Filter>
    </ClInclude>
  </ItemGroup>
</Project>