<?xml version="1.0" encoding="utf-8"?>
<Project ToolsVersion="4.0" xmlns="http://schemas.microsoft.com/developer/msbuild/2003">
  <ItemGroup>
    <Filter Include="Source Files">
      <UniqueIdentifier>{4FC737F1-C7A5-4376-A066-2A32D752A2FF}</UniqueIdentifier>
      <Extensions>cpp;c;cc;cxx;c++;cppm;ixx;def;odl;idl;hpj;bat;asm;asmx</Extensions>
    </Filter>
    <Filter Include="Header Files">
      <UniqueIdentifier>{93995380-89BD-4b04-88EB-625FBE52EBFB}</UniqueIdentifier>
      <Extensions>h;hh;hpp;hxx;h++;hm;inl;inc;ipp;xsd</Extensions>
    </Filter>
    <Filter Include="Resource Files">
      <UniqueIdentifier>{67DA6AB6-F800-4c08-8B7A-83BB121AAD01}</UniqueIdentifier>
      <Extensions>rc;ico;cur;bmp;dlg;rc2;rct;bin;rgs;gif;jpg;jpeg;jpe;resx;tiff;tif;png;wav;mfcribbon-ms</Extensions>
    </Filter>
    <Filter Include="Source Files\Optimization">
      <UniqueIdentifier>{1be58aba-e2b6-46a3-92cb-913250598340}</UniqueIdentifier>
    </Filter>
    <Filter Include="Source Files\mapping">
      <UniqueIdentifier>{281cda8b-a376-41b4-950c-7a574b162a41}</UniqueIdentifier>
    </Filter>
    <Filter Include="Source Files\core">
      <UniqueIdentifier>{af0f2dd8-94a7-47ad-becb-85ba73186739}</UniqueIdentifier>
    </Filter>
    <Filter Include="Source Files\mapping\solver">
      <UniqueIdentifier>{bdeb5601-1bba-4503-825d-c26571e27501}</UniqueIdentifier>
    </Filter>
    <Filter Include="Source Files\import">
      <UniqueIdentifier>{51be6bb0-37af-4e5b-b618-71cdc409925c}</UniqueIdentifier>
    </Filter>
    <Filter Include="vendor">
      <UniqueIdentifier>{a922d7ce-0448-473d-b40c-b66c28476143}</UniqueIdentifier>
    </Filter>
    <Filter Include="helper">
      <UniqueIdentifier>{08a0ff2d-b5fc-4f5a-8c6f-fedcae5295df}</UniqueIdentifier>
    </Filter>
    <Filter Include="Source Files\hardwareacceleration">
      <UniqueIdentifier>{b2b6c35b-7e38-4ffa-bcd7-99dd85e1e026}</UniqueIdentifier>
    </Filter>
    <Filter Include="Source Files\hardwareacceleration\base">
      <UniqueIdentifier>{88664840-0505-494c-8f6b-ec9425106309}</UniqueIdentifier>
    </Filter>
    <Filter Include="Source Files\mapping\core">
      <UniqueIdentifier>{ee40fb7e-7f47-4ed2-8894-53646f5e64f6}</UniqueIdentifier>
    </Filter>
    <Filter Include="Source Files\hardwareacceleration\openCL">
      <UniqueIdentifier>{e239748b-355d-4ebd-9b17-62a4e161c798}</UniqueIdentifier>
    </Filter>
  </ItemGroup>
  <ItemGroup>
    <ClCompile Include="src\texturemapping\calibratedCamera.cpp">
      <Filter>Source Files</Filter>
    </ClCompile>
    <ClCompile Include="src\texturemapping\hardwareacceleration\openCL\openCLAccelerator.cpp">
      <Filter>Source Files\hardwareacceleration\openCL</Filter>
    </ClCompile>
    <ClCompile Include="src\texturemapping\core\mappingDataSet.cpp">
      <Filter>Source Files\core</Filter>
    </ClCompile>
    <ClCompile Include="src\texturemapping\import\mappingDataSetImporter.cpp">
      <Filter>Source Files\import</Filter>
    </ClCompile>
    <ClCompile Include="src\texturemapping\import\intrinsicsImporter.cpp">
      <Filter>Source Files\import</Filter>
    </ClCompile>
    <ClCompile Include="src\texturemapping\mapping\solvers\dltSolver.cpp">
      <Filter>Source Files\mapping\solver</Filter>
    </ClCompile>
    <ClCompile Include="src\texturemapping\helper\mathExtensions.cpp">
      <Filter>helper</Filter>
    </ClCompile>
    <ClCompile Include="src\texturemapping\core\log.cpp">
      <Filter>Source Files\core</Filter>
    </ClCompile>
    <ClCompile Include="src\texturemapping\core\terminalColor.cpp">
      <Filter>Source Files\core</Filter>
    </ClCompile>
    <ClCompile Include="src\texturemapping\mapping\core\undistorter.cpp">
      <Filter>Source Files\mapping\core</Filter>
    </ClCompile>
    <ClCompile Include="src\texturemapping\core\stbImage.cpp">
      <Filter>Source Files\core</Filter>
    </ClCompile>
    <ClCompile Include="src\texturemapping\mapping\meshCutter.cpp">
      <Filter>Source Files\mapping</Filter>
    </ClCompile>
    <ClCompile Include="src\texturemapping\mapping\core\ray2.cpp">
      <Filter>Source Files\mapping\core</Filter>
    </ClCompile>
    <ClCompile Include="src\texturemapping\mapping\core\model.cpp">
      <Filter>Source Files\mapping\core</Filter>
    </ClCompile>
    <ClCompile Include="src\texturemapping\mapping\imageToModelProjector.cpp">
      <Filter>Source Files\mapping</Filter>
    </ClCompile>
  </ItemGroup>
  <ItemGroup>
    <ClInclude Include="src\texturemapping\calibratedCamera.h">
      <Filter>Header Files</Filter>
    </ClInclude>
    <ClInclude Include="src\texturemapping\optimization\errorDescription.h">
      <Filter>Source Files\Optimization</Filter>
    </ClInclude>
    <ClInclude Include="src\texturemapping\optimization\optimizationResult.h">
      <Filter>Source Files\Optimization</Filter>
    </ClInclude>
    <ClInclude Include="src\texturemapping\optimization\optimizationParameter.h">
      <Filter>Source Files\Optimization</Filter>
    </ClInclude>
    <ClInclude Include="src\texturemapping\core\mappingDataSet.h">
      <Filter>Source Files\core</Filter>
    </ClInclude>
    <ClInclude Include="src\texturemapping\core\stbImage.h">
      <Filter>Source Files\core</Filter>
    </ClInclude>
    <ClInclude Include="src\texturemapping\core\polygonMarker.h">
      <Filter>Source Files\core</Filter>
    </ClInclude>
    <ClInclude Include="src\texturemapping\core\intrinsics.h">
      <Filter>Source Files\core</Filter>
    </ClInclude>
    <ClInclude Include="src\texturemapping\import\mappingDataSetImporter.h">
      <Filter>Source Files\import</Filter>
    </ClInclude>
    <ClInclude Include="json\single_include\nlohmann\json.hpp">
      <Filter>vendor</Filter>
    </ClInclude>
    <ClInclude Include="src\texturemapping\helper\polygonHelper.h">
      <Filter>helper</Filter>
    </ClInclude>
    <ClInclude Include="src\texturemapping\hardwareacceleration\base\accelerator.h">
      <Filter>Source Files\hardwareacceleration\base</Filter>
    </ClInclude>
    <ClInclude Include="src\texturemapping\hardwareacceleration\base\acceleratorTechnique.h">
      <Filter>Source Files\hardwareacceleration\base</Filter>
    </ClInclude>
    <ClInclude Include="src\texturemapping\hardwareacceleration\base\graphicsDevice.h">
      <Filter>Source Files\hardwareacceleration\base</Filter>
    </ClInclude>
    <ClInclude Include="src\texturemapping\mapping\core\projectionResult.h">
      <Filter>Source Files\mapping\core</Filter>
    </ClInclude>
    <ClInclude Include="src\texturemapping\hardwareacceleration\openCL\openCLAccelerator.h">
      <Filter>Source Files\hardwareacceleration\openCL</Filter>
    </ClInclude>
    <ClInclude Include="src\texturemapping\core\color4.h">
      <Filter>Source Files\core</Filter>
    </ClInclude>
    <ClInclude Include="src\texturemapping\import\intrinsicsImporter.h">
      <Filter>Source Files\import</Filter>
    </ClInclude>
    <ClInclude Include="mapping\core\projectionResult.h">
      <Filter>Source Files\core</Filter>
    </ClInclude>
    <ClInclude Include="src\texturemapping\mapping\core\barycentricCoordinate.h">
      <Filter>Source Files\mapping\core</Filter>
    </ClInclude>
    <ClInclude Include="src\texturemapping\mapping\core\intersectionResult.h">
      <Filter>Source Files\mapping\core</Filter>
    </ClInclude>
    <ClInclude Include="src\texturemapping\mapping\core\mergingResult.h">
      <Filter>Source Files\mapping\core</Filter>
    </ClInclude>
    <ClInclude Include="src\texturemapping\mapping\core\triangleReplacement.h">
      <Filter>Source Files\mapping\core</Filter>
    </ClInclude>
    <ClInclude Include="src\texturemapping\mapping\core\vectorResult.h">
      <Filter>Source Files\mapping\core</Filter>
    </ClInclude>
    <ClInclude Include="src\texturemapping\mapping\core\vertexInformation.h">
      <Filter>Source Files\mapping\core</Filter>
    </ClInclude>
    <ClInclude Include="src\texturemapping\mapping\solvers\solver.h">
      <Filter>Source Files\mapping\solver</Filter>
    </ClInclude>
    <ClInclude Include="src\texturemapping\mapping\solvers\dltSolver.h">
      <Filter>Source Files\mapping\solver</Filter>
    </ClInclude>
    <ClInclude Include="src\texturemapping\helper\mathExtensions.h">
      <Filter>helper</Filter>
    </ClInclude>
    <ClInclude Include="src\texturemapping\mapping\core\undistorter.h">
      <Filter>Source Files\mapping\core</Filter>
    </ClInclude>
    <ClInclude Include="src\texturemapping\core\log.h">
      <Filter>Source Files\core</Filter>
    </ClInclude>
    <ClInclude Include="src\texturemapping\core\terminalColor.h">
      <Filter>Source Files\core</Filter>
    </ClInclude>
    <ClInclude Include="src\texturemapping\mapping\meshCutter.h">
      <Filter>Source Files\mapping</Filter>
    </ClInclude>
    <ClInclude Include="src\texturemapping\mapping\core\ray2.h">
      <Filter>Source Files\mapping\core</Filter>
    </ClInclude>
    <ClInclude Include="src\texturemapping\mapping\core\model.h">
      <Filter>Source Files\mapping\core</Filter>
    </ClInclude>
    <ClInclude Include="src\texturemapping\mapping\imageToModelProjector.h">
      <Filter>Source Files\mapping</Filter>
    </ClInclude>
  </ItemGroup>
</Project>